
Microsoft Visual Studio Solution File, Format Version 12.00
# Visual Studio Version 16
VisualStudioVersion = 16.0.31911.196
MinimumVisualStudioVersion = 10.0.40219.1
Project("{FAE04EC0-301F-11D3-BF4B-00C04F79EFBC}") = "ZooSklad", "ZooSklad\ZooSklad.csproj", "{9F41D03C-14E2-4306-8584-822999653B2E}"
EndProject
Global
	GlobalSection(SolutionConfigurationPlatforms) = preSolution
		Debug|Any CPU = Debug|Any CPU
		Release|Any CPU = Release|Any CPU
	EndGlobalSection
	GlobalSection(ProjectConfigurationPlatforms) = postSolution
		{9F41D03C-14E2-4306-8584-822999653B2E}.Debug|Any CPU.ActiveCfg = Debug|Any CPU
		{9F41D03C-14E2-4306-8584-822999653B2E}.Debug|Any CPU.Build.0 = Debug|Any CPU
		{9F41D03C-14E2-4306-8584-822999653B2E}.Release|Any CPU.ActiveCfg = Release|Any CPU
		{9F41D03C-14E2-4306-8584-822999653B2E}.Release|Any CPU.Build.0 = Release|Any CPU
	EndGlobalSection
	GlobalSection(SolutionProperties) = preSolution
		HideSolutionNode = FALSE
	EndGlobalSection
	GlobalSection(ExtensibilityGlobals) = postSolution
		SolutionGuid = {8455C5DE-7E3F-47BD-B935-57D79FE247B8}
	EndGlobalSection
EndGlobal
